PODS:
  - shared (1.0)

DEPENDENCIES:
  - shared (from `../../shared/shared.podspec`)

EXTERNAL SOURCES:
  shared:
    :path: "../../shared/shared.podspec"

SPEC CHECKSUMS:
  shared: 44f0b15971f30192418408a7821094198741c8a1

PODFILE CHECKSUM: 103da79dd9a6dca4c6cd4ed0cf3712c80f85c730

COCOAPODS: 1.15.2
