PODS:
  - debug (6.0-SNAPSHOT)

DEPENDENCIES:
  - debug (from `../../debug/debug.podspec`)

EXTERNAL SOURCES:
  debug:
    :path: "../../debug/debug.podspec"

SPEC CHECKSUMS:
  debug: 329e6a2e9d2dd1d3760248902d17bd80c01f007c

PODFILE CHECKSUM: 2aa9af8bc1f118089753f81001ae258756aca03e

COCOAPODS: 1.15.2
